
Microsoft Visual Studio Solution File, Format Version 12.00
# Visual Studio Version 17
VisualStudioVersion = 17.14.36930.0 d17.14
MinimumVisualStudioVersion = 10.0.40219.1
Project("{FAE04EC0-301F-11D3-BF4B-00C04F79EFBC}") = "ElMissatger", "ElMissatger.csproj", "{AF202A78-48E1-4585-9943-0E65BDF4C81B}"
EndProject
Global
	GlobalSection(SolutionConfigurationPlatforms) = preSolution
		Debug|Any CPU = Debug|Any CPU
		Release|Any CPU = Release|Any CPU
	EndGlobalSection
	GlobalSection(ProjectConfigurationPlatforms) = postSolution
		{AF202A78-48E1-4585-9943-0E65BDF4C81B}.Debug|Any CPU.ActiveCfg = Debug|Any CPU
		{AF202A78-48E1-4585-9943-0E65BDF4C81B}.Debug|Any CPU.Build.0 = Debug|Any CPU
		{AF202A78-48E1-4585-9943-0E65BDF4C81B}.Release|Any CPU.ActiveCfg = Release|Any CPU
		{AF202A78-48E1-4585-9943-0E65BDF4C81B}.Release|Any CPU.Build.0 = Release|Any CPU
	EndGlobalSection
	GlobalSection(SolutionProperties) = preSolution
		HideSolutionNode = FALSE
	EndGlobalSection
	GlobalSection(ExtensibilityGlobals) = postSolution
		SolutionGuid = {3ADFDE8B-2AA1-4013-8081-35055031ECDB}
	EndGlobalSection
EndGlobal
